# This file is automatically @generated by Cargo.
# It is not intended for manual editing.
version = 4

[[package]]
name = "cranelift-assembler-x64"
version = "0.117.0"
source = "registry+https://github.com/rust-lang/crates.io-index"
checksum = "1b55b073fdf66565d2ba90de52e9afbd84153f6a3ae8a6e25c3c6c7e2695ceaf"
dependencies = [
 "cranelift-assembler-x64-meta",
]

[[package]]
name = "cranelift-assembler-x64-meta"
version = "0.117.0"
source = "registry+https://github.com/rust-lang/crates.io-index"
checksum = "eda81dd7eb71c7b3e85b19163bae41418fd476f905b4c21e449da6e04f90ef19"

[[package]]
name = "wat"
version = "0.1.0"
dependencies = [
 "cranelift-assembler-x64",
]
